# THIS IS AN AUTOGENERATED FILE. DO NOT EDIT THIS FILE DIRECTLY.
# yarn lockfile v1
dexie@^1.5.0:
  version "1.5.0"
  resolved "https://registry.yarnpkg.com/dexie/-/dexie-1.5.0.tgz#7b60439dc47d8828dc573f88bd002db56a697e36"

parallel@^1.1.0:
  version "1.1.0"
  resolved "https://registry.yarnpkg.com/parallel/-/parallel-1.1.0.tgz#fc3af076b94b8b40ccf9e7241650aa359190efc1"

webcomponentsjs@^1.0.2:
  version "1.0.2"
  resolved "https://registry.yarnpkg.com/webcomponentsjs/-/webcomponentsjs-1.0.2.tgz#b028914c579a61d8144913c7c94c2cf73b95fc69"

